
Microsoft Visual Studio Solution File, Format Version 12.00
# Visual Studio 15
VisualStudioVersion = 15.0.26730.15
MinimumVisualStudioVersion = 10.0.40219.1
Project("{FAE04EC0-301F-11D3-BF4B-00C04F79EFBC}") = "TE_Calculator_CSharp_Console", "TE_Calculator_CSharp_Console\TE_Calculator_CSharp_Console.csproj", "{C3D5FC48-8452-46DA-9243-4A97E7DAB25E}"
EndProject
Project("{FAE04EC0-301F-11D3-BF4B-00C04F79EFBC}") = "TE_Calculator_CSharp_Lib", "TE_Calculator_CSharp_Lib\TE_Calculator_CSharp_Lib.csproj", "{F0F08547-6575-4C55-A184-A4FB1209F555}"
EndProject
Project("{FAE04EC0-301F-11D3-BF4B-00C04F79EFBC}") = "TE_Calculator_CSharp_UI", "TE_Calculator_CSharp_UI\TE_Calculator_CSharp_UI.csproj", "{FEAA7379-309F-4079-B25D-2933980276AF}"
EndProject
Global
	GlobalSection(SolutionConfigurationPlatforms) = preSolution
		Debug|Any CPU = Debug|Any CPU
		Debug|x64 = Debug|x64
		Debug|x86 = Debug|x86
		Release|Any CPU = Release|Any CPU
		Release|x64 = Release|x64
		Release|x86 = Release|x86
	EndGlobalSection
	GlobalSection(ProjectConfigurationPlatforms) = postSolution
		{C3D5FC48-8452-46DA-9243-4A97E7DAB25E}.Debug|Any CPU.ActiveCfg = Debug|Any CPU
		{C3D5FC48-8452-46DA-9243-4A97E7DAB25E}.Debug|Any CPU.Build.0 = Debug|Any CPU
		{C3D5FC48-8452-46DA-9243-4A97E7DAB25E}.Debug|x64.ActiveCfg = Debug|Any CPU
		{C3D5FC48-8452-46DA-9243-4A97E7DAB25E}.Debug|x64.Build.0 = Debug|Any CPU
		{C3D5FC48-8452-46DA-9243-4A97E7DAB25E}.Debug|x86.ActiveCfg = Debug|Any CPU
		{C3D5FC48-8452-46DA-9243-4A97E7DAB25E}.Debug|x86.Build.0 = Debug|Any CPU
		{C3D5FC48-8452-46DA-9243-4A97E7DAB25E}.Release|Any CPU.ActiveCfg = Release|Any CPU
		{C3D5FC48-8452-46DA-9243-4A97E7DAB25E}.Release|Any CPU.Build.0 = Release|Any CPU
		{C3D5FC48-8452-46DA-9243-4A97E7DAB25E}.Release|x64.ActiveCfg = Release|Any CPU
		{C3D5FC48-8452-46DA-9243-4A97E7DAB25E}.Release|x64.Build.0 = Release|Any CPU
		{C3D5FC48-8452-46DA-9243-4A97E7DAB25E}.Release|x86.ActiveCfg = Release|Any CPU
		{C3D5FC48-8452-46DA-9243-4A97E7DAB25E}.Release|x86.Build.0 = Release|Any CPU
		{F0F08547-6575-4C55-A184-A4FB1209F555}.Debug|Any CPU.ActiveCfg = Debug|Any CPU
		{F0F08547-6575-4C55-A184-A4FB1209F555}.Debug|Any CPU.Build.0 = Debug|Any CPU
		{F0F08547-6575-4C55-A184-A4FB1209F555}.Debug|x64.ActiveCfg = Debug|Any CPU
		{F0F08547-6575-4C55-A184-A4FB1209F555}.Debug|x64.Build.0 = Debug|Any CPU
		{F0F08547-6575-4C55-A184-A4FB1209F555}.Debug|x86.ActiveCfg = Debug|Any CPU
		{F0F08547-6575-4C55-A184-A4FB1209F555}.Debug|x86.Build.0 = Debug|Any CPU
		{F0F08547-6575-4C55-A184-A4FB1209F555}.Release|Any CPU.ActiveCfg = Release|Any CPU
		{F0F08547-6575-4C55-A184-A4FB1209F555}.Release|Any CPU.Build.0 = Release|Any CPU
		{F0F08547-6575-4C55-A184-A4FB1209F555}.Release|x64.ActiveCfg = Release|Any CPU
		{F0F08547-6575-4C55-A184-A4FB1209F555}.Release|x64.Build.0 = Release|Any CPU
		{F0F08547-6575-4C55-A184-A4FB1209F555}.Release|x86.ActiveCfg = Release|Any CPU
		{F0F08547-6575-4C55-A184-A4FB1209F555}.Release|x86.Build.0 = Release|Any CPU
		{FEAA7379-309F-4079-B25D-2933980276AF}.Debug|Any CPU.ActiveCfg = Debug|Any CPU
		{FEAA7379-309F-4079-B25D-2933980276AF}.Debug|Any CPU.Build.0 = Debug|Any CPU
		{FEAA7379-309F-4079-B25D-2933980276AF}.Debug|x64.ActiveCfg = Debug|Any CPU
		{FEAA7379-309F-4079-B25D-2933980276AF}.Debug|x64.Build.0 = Debug|Any CPU
		{FEAA7379-309F-4079-B25D-2933980276AF}.Debug|x86.ActiveCfg = Debug|Any CPU
		{FEAA7379-309F-4079-B25D-2933980276AF}.Debug|x86.Build.0 = Debug|Any CPU
		{FEAA7379-309F-4079-B25D-2933980276AF}.Release|Any CPU.ActiveCfg = Release|Any CPU
		{FEAA7379-309F-4079-B25D-2933980276AF}.Release|Any CPU.Build.0 = Release|Any CPU
		{FEAA7379-309F-4079-B25D-2933980276AF}.Release|x64.ActiveCfg = Release|Any CPU
		{FEAA7379-309F-4079-B25D-2933980276AF}.Release|x64.Build.0 = Release|Any CPU
		{FEAA7379-309F-4079-B25D-2933980276AF}.Release|x86.ActiveCfg = Release|Any CPU
		{FEAA7379-309F-4079-B25D-2933980276AF}.Release|x86.Build.0 = Release|Any CPU
	EndGlobalSection
	GlobalSection(SolutionProperties) = preSolution
		HideSolutionNode = FALSE
	EndGlobalSection
	GlobalSection(ExtensibilityGlobals) = postSolution
		SolutionGuid = {61D558A9-97E9-4C39-886E-2F23CDEAB06F}
	EndGlobalSection
EndGlobal
